
Microsoft Visual Studio Solution File, Format Version 12.00
# Visual Studio Version 16
VisualStudioVersion = 16.0.31829.152
MinimumVisualStudioVersion = 10.0.40219.1
Project("{FAE04EC0-301F-11D3-BF4B-00C04F79EFBC}") = "base1_Lesson15", "base1_Lesson15\base1_Lesson15.csproj", "{8D68CD98-DA27-42E9-BE0C-99CD7EBA7646}"
EndProject
Global
	GlobalSection(SolutionConfigurationPlatforms) = preSolution
		Debug|Any CPU = Debug|Any CPU
		Release|Any CPU = Release|Any CPU
	EndGlobalSection
	GlobalSection(ProjectConfigurationPlatforms) = postSolution
		{8D68CD98-DA27-42E9-BE0C-99CD7EBA7646}.Debug|Any CPU.ActiveCfg = Debug|Any CPU
		{8D68CD98-DA27-42E9-BE0C-99CD7EBA7646}.Debug|Any CPU.Build.0 = Debug|Any CPU
		{8D68CD98-DA27-42E9-BE0C-99CD7EBA7646}.Release|Any CPU.ActiveCfg = Release|Any CPU
		{8D68CD98-DA27-42E9-BE0C-99CD7EBA7646}.Release|Any CPU.Build.0 = Release|Any CPU
	EndGlobalSection
	GlobalSection(SolutionProperties) = preSolution
		HideSolutionNode = FALSE
	EndGlobalSection
	GlobalSection(ExtensibilityGlobals) = postSolution
		SolutionGuid = {6D9B32C5-6CCD-4F12-B42C-BA48867B0ED2}
	EndGlobalSection
EndGlobal
